<?xml version="1.0" encoding="utf-8"?>
<Project ToolsVersion="4.0" xmlns="http://schemas.microsoft.com/developer/msbuild/2003">
  <ItemGroup>
    <Filter Include="cpp-utils">
      <UniqueIdentifier>{3b614439-b556-4ccb-84f5-6fbf4e705cfe}</UniqueIdentifier>
    </Filter>
    <Filter Include="cpp-utils\log">
      <UniqueIdentifier>{5b6b9c1f-aa2e-4139-9d59-041dd4174f83}</UniqueIdentifier>
    </Filter>
    <Filter Include="instructions">
      <UniqueIdentifier>{7bd3083a-cc5c-453a-94c1-edf8b0a4e3cc}</UniqueIdentifier>
    </Filter>
  </ItemGroup>
  <ItemGroup>
    <ClCompile Include="..\src\main.cpp" />
    <ClCompile Include="..\deps\cpp-utils\src\log\FileLogWriter.cpp">
      <Filter>cpp-utils\log</Filter>
    </ClCompile>
    <ClCompile Include="..\deps\cpp-utils\src\log\Log.cpp">
      <Filter>cpp-utils\log</Filter>
    </ClCompile>
    <ClCompile Include="..\deps\cpp-utils\src\log\LogMessage.cpp">
      <Filter>cpp-utils\log</Filter>
    </ClCompile>
    <ClCompile Include="..\deps\cpp-utils\src\log\LogWriter.cpp">
      <Filter>cpp-utils\log</Filter>
    </ClCompile>
    <ClCompile Include="..\deps\cpp-utils\src\log\StreamLogWriter.cpp">
      <Filter>cpp-utils\log</Filter>
    </ClCompile>
    <ClCompile Include="..\src\Memory.cpp" />
    <ClCompile Include="..\src\Tomasulo.cpp" />
    <ClCompile Include="..\src\Exceptions.cpp" />
    <ClCompile Include="..\src\ReservationStationID.cpp" />
    <ClCompile Include="..\src\RegisterID.cpp" />
    <ClCompile Include="..\src\FunctionalUnit.cpp" />
    <ClCompile Include="..\src\instructions\Instruction.cpp">
      <Filter>instructions</Filter>
    </ClCompile>
    <ClCompile Include="..\src\instructions\instruction_types.cpp">
      <Filter>instructions</Filter>
    </ClCompile>
    <ClCompile Include="..\src\Decoder.cpp" />
  </ItemGroup>
  <ItemGroup>
    <ClInclude Include="..\src\log.h" />
    <ClInclude Include="..\src\Memory.h" />
    <ClInclude Include="..\src\types.h" />
    <ClInclude Include="..\src\Tomasulo.h" />
    <ClInclude Include="..\src\Exceptions.h" />
    <ClInclude Include="..\src\ReservationStationID.h" />
    <ClInclude Include="..\src\RegisterID.h" />
    <ClInclude Include="..\src\FunctionalUnit.h" />
    <ClInclude Include="..\src\instructions\Instruction.h">
      <Filter>instructions</Filter>
    </ClInclude>
    <ClInclude Include="..\src\instructions\instruction_types.h">
      <Filter>instructions</Filter>
    </ClInclude>
    <ClInclude Include="..\src\Decoder.h" />
  </ItemGroup>
</Project>